[ "exactor": {:git, "git://github.com/sasa1977/exactor.git", "573baa559d074375900e686fc921c86fb60b1ff1", []},
  "meck": {:git, "git://github.com/eproxus/meck.git", "2447206f201bab1054c49cd32621eee23fa0ee3b", [{:tag, "0.7.2"}]},
  "mock": {:git, "git://github.com/jjh42/mock.git", "e54a8f8ac3b69b5a610399f7fb5efe65446526eb", []} ]
