%{"exactor": {:git, "git://github.com/sasa1977/exactor.git", "f14390f3d11fc70025a0c986a75585480f2daacd", []},
  "exlager": {:git, "git://github.com/khia/exlager.git", "dca404300b04d2ad8f42e9ecc6f4c757e169071f", []},
  "goldrush": {:git, "git://github.com/DeadZen/goldrush.git", "71e63212f12c25827e0c1b4198d37d5d018a7fec", [tag: "0.1.6"]},
  "lager": {:git, "https://github.com/basho/lager.git", "d33ccf3b69de09a628fe38b4d7981bb8671b8a4f", []},
  "meck": {:hex, :meck, "0.8.3"},
  "mock": {:git, "https://github.com/jjh42/mock.git", "51595dbfc340058cdb385e38f199a7dc6d19d133", []}}
