[ "exactor": {:git, "git://github.com/sasa1977/exactor.git", "573baa559d074375900e686fc921c86fb60b1ff1", []},
  "exlager": {:git, "git://github.com/khia/exlager.git", "0b840aae773e6eb6de7cdbb703b47031b6608bfb", []},
  "goldrush": {:git, "git://github.com/DeadZen/goldrush.git", "1d883423ac360b3536ca52dc733a0164bacf3109", [{:tag, "0.1.5"}]},
  "lager": {:git, "https://github.com/basho/lager.git", "7763143a293edebb2885d8a7cf8124778edb8bba", []},
  "meck": {:git, "git://github.com/eproxus/meck.git", "2447206f201bab1054c49cd32621eee23fa0ee3b", [{:tag, "0.7.2"}]},
  "mock": {:git, "git://github.com/jjh42/mock.git", "e54a8f8ac3b69b5a610399f7fb5efe65446526eb", []} ]
